
Microsoft Visual Studio Solution File, Format Version 12.00
# Visual Studio 15
VisualStudioVersion = 15.0.26114.2
MinimumVisualStudioVersion = 10.0.40219.1
Project("{2150E333-8FDC-42A3-9474-1A3956D46DE8}") = "src", "src", "{91DF0637-424B-4B4E-9C7C-1B078B466A61}"
EndProject
Project("{FAE04EC0-301F-11D3-BF4B-00C04F79EFBC}") = "Speleo", "src\Speleo\Speleo.csproj", "{43551437-E777-49B2-BAED-7DC9C717CE7E}"
EndProject
Global
	GlobalSection(SolutionConfigurationPlatforms) = preSolution
		Debug|Any CPU = Debug|Any CPU
		Release|Any CPU = Release|Any CPU
	EndGlobalSection
	GlobalSection(ProjectConfigurationPlatforms) = postSolution
		{43551437-E777-49B2-BAED-7DC9C717CE7E}.Debug|Any CPU.ActiveCfg = Debug|Any CPU
		{43551437-E777-49B2-BAED-7DC9C717CE7E}.Debug|Any CPU.Build.0 = Debug|Any CPU
		{43551437-E777-49B2-BAED-7DC9C717CE7E}.Release|Any CPU.ActiveCfg = Release|Any CPU
		{43551437-E777-49B2-BAED-7DC9C717CE7E}.Release|Any CPU.Build.0 = Release|Any CPU
	EndGlobalSection
	GlobalSection(SolutionProperties) = preSolution
		HideSolutionNode = FALSE
	EndGlobalSection
	GlobalSection(NestedProjects) = preSolution
		{43551437-E777-49B2-BAED-7DC9C717CE7E} = {91DF0637-424B-4B4E-9C7C-1B078B466A61}
	EndGlobalSection
EndGlobal
